
Microsoft Visual Studio Solution File, Format Version 12.00
# Visual Studio Version 16
VisualStudioVersion = 16.0.31613.86
MinimumVisualStudioVersion = 10.0.40219.1
Project("{9A19103F-16F7-4668-BE54-9A1E7A4F7556}") = "WebApplicationOblPart2", "WebApplicationOblPart2\WebApplicationOblPart2.csproj", "{0C12F1DC-CC42-4BA1-B8A6-09C2A413C8EE}"
EndProject
Project("{9A19103F-16F7-4668-BE54-9A1E7A4F7556}") = "Dominio", "Dominio\Dominio.csproj", "{43310958-FC83-4053-B18B-C0DF0FCE7BE2}"
EndProject
Global
	GlobalSection(SolutionConfigurationPlatforms) = preSolution
		Debug|Any CPU = Debug|Any CPU
		Release|Any CPU = Release|Any CPU
	EndGlobalSection
	GlobalSection(ProjectConfigurationPlatforms) = postSolution
		{0C12F1DC-CC42-4BA1-B8A6-09C2A413C8EE}.Debug|Any CPU.ActiveCfg = Debug|Any CPU
		{0C12F1DC-CC42-4BA1-B8A6-09C2A413C8EE}.Debug|Any CPU.Build.0 = Debug|Any CPU
		{0C12F1DC-CC42-4BA1-B8A6-09C2A413C8EE}.Release|Any CPU.ActiveCfg = Release|Any CPU
		{0C12F1DC-CC42-4BA1-B8A6-09C2A413C8EE}.Release|Any CPU.Build.0 = Release|Any CPU
		{43310958-FC83-4053-B18B-C0DF0FCE7BE2}.Debug|Any CPU.ActiveCfg = Debug|Any CPU
		{43310958-FC83-4053-B18B-C0DF0FCE7BE2}.Debug|Any CPU.Build.0 = Debug|Any CPU
		{43310958-FC83-4053-B18B-C0DF0FCE7BE2}.Release|Any CPU.ActiveCfg = Release|Any CPU
		{43310958-FC83-4053-B18B-C0DF0FCE7BE2}.Release|Any CPU.Build.0 = Release|Any CPU
	EndGlobalSection
	GlobalSection(SolutionProperties) = preSolution
		HideSolutionNode = FALSE
	EndGlobalSection
	GlobalSection(ExtensibilityGlobals) = postSolution
		SolutionGuid = {61D1595C-3147-4070-B9D1-67A08642BC21}
	EndGlobalSection
EndGlobal
